
Microsoft Visual Studio Solution File, Format Version 12.00
# Visual Studio Version 17
VisualStudioVersion = 17.8.34525.116
MinimumVisualStudioVersion = 10.0.40219.1
Project("{2150E333-8FDC-42A3-9474-1A3956D46DE8}") = "UI", "UI", "{4D9869F7-2821-49EB-AEA9-7DE53B74BD4F}"
EndProject
Project("{9A19103F-16F7-4668-BE54-9A1E7A4F7556}") = "ToDoListUI", "ToDoListUI\ToDoListUI.csproj", "{DBA899D6-4DAC-4F5E-87BD-48FCDEA034EC}"
	ProjectSection(ProjectDependencies) = postProject
		{33E3577D-09A9-4F67-8DE7-C541CD79A1A3} = {33E3577D-09A9-4F67-8DE7-C541CD79A1A3}
	EndProjectSection
EndProject
Project("{2150E333-8FDC-42A3-9474-1A3956D46DE8}") = "ApiConsume", "ApiConsume", "{14D2A8C7-3DE8-4E12-A641-124D088AF6BF}"
EndProject
Project("{9A19103F-16F7-4668-BE54-9A1E7A4F7556}") = "ToDoListProjectAPI", "ToDoListProjectAPI\ToDoListProjectAPI.csproj", "{6733B12F-0E6B-4389-946E-32A88D1ED9C4}"
	ProjectSection(ProjectDependencies) = postProject
		{1B829BF4-7093-4DFD-8B80-A09510C92D93} = {1B829BF4-7093-4DFD-8B80-A09510C92D93}
		{33E3577D-09A9-4F67-8DE7-C541CD79A1A3} = {33E3577D-09A9-4F67-8DE7-C541CD79A1A3}
		{56D87DFF-A883-4FD9-8C03-F0F50F3F58D4} = {56D87DFF-A883-4FD9-8C03-F0F50F3F58D4}
		{8D717B3C-D62E-42B8-B34B-DCD625B30D0F} = {8D717B3C-D62E-42B8-B34B-DCD625B30D0F}
	EndProjectSection
EndProject
Project("{9A19103F-16F7-4668-BE54-9A1E7A4F7556}") = "ToDoList.EntityLayer", "ToDoList.EntityLayer\ToDoList.EntityLayer.csproj", "{8D717B3C-D62E-42B8-B34B-DCD625B30D0F}"
EndProject
Project("{9A19103F-16F7-4668-BE54-9A1E7A4F7556}") = "ToDoList.DtoLayer", "ToDoList.DtoLayer\ToDoList.DtoLayer.csproj", "{56D87DFF-A883-4FD9-8C03-F0F50F3F58D4}"
	ProjectSection(ProjectDependencies) = postProject
		{8D717B3C-D62E-42B8-B34B-DCD625B30D0F} = {8D717B3C-D62E-42B8-B34B-DCD625B30D0F}
	EndProjectSection
EndProject
Project("{9A19103F-16F7-4668-BE54-9A1E7A4F7556}") = "ToDoList.DataAccessLayer", "ToDoList.DataAccessLayer\ToDoList.DataAccessLayer.csproj", "{33E3577D-09A9-4F67-8DE7-C541CD79A1A3}"
	ProjectSection(ProjectDependencies) = postProject
		{8D717B3C-D62E-42B8-B34B-DCD625B30D0F} = {8D717B3C-D62E-42B8-B34B-DCD625B30D0F}
	EndProjectSection
EndProject
Project("{9A19103F-16F7-4668-BE54-9A1E7A4F7556}") = "ToDoList.BusinessLayer", "ToDoList.BusinessLayer\ToDoList.BusinessLayer.csproj", "{1B829BF4-7093-4DFD-8B80-A09510C92D93}"
	ProjectSection(ProjectDependencies) = postProject
		{33E3577D-09A9-4F67-8DE7-C541CD79A1A3} = {33E3577D-09A9-4F67-8DE7-C541CD79A1A3}
		{8D717B3C-D62E-42B8-B34B-DCD625B30D0F} = {8D717B3C-D62E-42B8-B34B-DCD625B30D0F}
	EndProjectSection
EndProject
Global
	GlobalSection(SolutionConfigurationPlatforms) = preSolution
		Debug|Any CPU = Debug|Any CPU
		Release|Any CPU = Release|Any CPU
	EndGlobalSection
	GlobalSection(ProjectConfigurationPlatforms) = postSolution
		{DBA899D6-4DAC-4F5E-87BD-48FCDEA034EC}.Debug|Any CPU.ActiveCfg = Debug|Any CPU
		{DBA899D6-4DAC-4F5E-87BD-48FCDEA034EC}.Debug|Any CPU.Build.0 = Debug|Any CPU
		{DBA899D6-4DAC-4F5E-87BD-48FCDEA034EC}.Release|Any CPU.ActiveCfg = Release|Any CPU
		{DBA899D6-4DAC-4F5E-87BD-48FCDEA034EC}.Release|Any CPU.Build.0 = Release|Any CPU
		{6733B12F-0E6B-4389-946E-32A88D1ED9C4}.Debug|Any CPU.ActiveCfg = Debug|Any CPU
		{6733B12F-0E6B-4389-946E-32A88D1ED9C4}.Debug|Any CPU.Build.0 = Debug|Any CPU
		{6733B12F-0E6B-4389-946E-32A88D1ED9C4}.Release|Any CPU.ActiveCfg = Release|Any CPU
		{6733B12F-0E6B-4389-946E-32A88D1ED9C4}.Release|Any CPU.Build.0 = Release|Any CPU
		{8D717B3C-D62E-42B8-B34B-DCD625B30D0F}.Debug|Any CPU.ActiveCfg = Debug|Any CPU
		{8D717B3C-D62E-42B8-B34B-DCD625B30D0F}.Debug|Any CPU.Build.0 = Debug|Any CPU
		{8D717B3C-D62E-42B8-B34B-DCD625B30D0F}.Release|Any CPU.ActiveCfg = Release|Any CPU
		{8D717B3C-D62E-42B8-B34B-DCD625B30D0F}.Release|Any CPU.Build.0 = Release|Any CPU
		{56D87DFF-A883-4FD9-8C03-F0F50F3F58D4}.Debug|Any CPU.ActiveCfg = Debug|Any CPU
		{56D87DFF-A883-4FD9-8C03-F0F50F3F58D4}.Debug|Any CPU.Build.0 = Debug|Any CPU
		{56D87DFF-A883-4FD9-8C03-F0F50F3F58D4}.Release|Any CPU.ActiveCfg = Release|Any CPU
		{56D87DFF-A883-4FD9-8C03-F0F50F3F58D4}.Release|Any CPU.Build.0 = Release|Any CPU
		{33E3577D-09A9-4F67-8DE7-C541CD79A1A3}.Debug|Any CPU.ActiveCfg = Debug|Any CPU
		{33E3577D-09A9-4F67-8DE7-C541CD79A1A3}.Debug|Any CPU.Build.0 = Debug|Any CPU
		{33E3577D-09A9-4F67-8DE7-C541CD79A1A3}.Release|Any CPU.ActiveCfg = Release|Any CPU
		{33E3577D-09A9-4F67-8DE7-C541CD79A1A3}.Release|Any CPU.Build.0 = Release|Any CPU
		{1B829BF4-7093-4DFD-8B80-A09510C92D93}.Debug|Any CPU.ActiveCfg = Debug|Any CPU
		{1B829BF4-7093-4DFD-8B80-A09510C92D93}.Debug|Any CPU.Build.0 = Debug|Any CPU
		{1B829BF4-7093-4DFD-8B80-A09510C92D93}.Release|Any CPU.ActiveCfg = Release|Any CPU
		{1B829BF4-7093-4DFD-8B80-A09510C92D93}.Release|Any CPU.Build.0 = Release|Any CPU
	EndGlobalSection
	GlobalSection(SolutionProperties) = preSolution
		HideSolutionNode = FALSE
	EndGlobalSection
	GlobalSection(NestedProjects) = preSolution
		{DBA899D6-4DAC-4F5E-87BD-48FCDEA034EC} = {4D9869F7-2821-49EB-AEA9-7DE53B74BD4F}
		{6733B12F-0E6B-4389-946E-32A88D1ED9C4} = {14D2A8C7-3DE8-4E12-A641-124D088AF6BF}
		{8D717B3C-D62E-42B8-B34B-DCD625B30D0F} = {14D2A8C7-3DE8-4E12-A641-124D088AF6BF}
		{56D87DFF-A883-4FD9-8C03-F0F50F3F58D4} = {14D2A8C7-3DE8-4E12-A641-124D088AF6BF}
		{33E3577D-09A9-4F67-8DE7-C541CD79A1A3} = {14D2A8C7-3DE8-4E12-A641-124D088AF6BF}
		{1B829BF4-7093-4DFD-8B80-A09510C92D93} = {14D2A8C7-3DE8-4E12-A641-124D088AF6BF}
	EndGlobalSection
	GlobalSection(ExtensibilityGlobals) = postSolution
		SolutionGuid = {550E2D89-3E47-427E-B4ED-51B870AB25AE}
	EndGlobalSection
EndGlobal
